<?xml version="1.0" encoding="utf-8"?>
<Project ToolsVersion="4.0" xmlns="http://schemas.microsoft.com/developer/msbuild/2003">
  <ItemGroup>
    <Filter Include="소스 파일">
      <UniqueIdentifier>{4FC737F1-C7A5-4376-A066-2A32D752A2FF}</UniqueIdentifier>
      <Extensions>cpp;c;cc;cxx;c++;cppm;ixx;def;odl;idl;hpj;bat;asm;asmx</Extensions>
    </Filter>
    <Filter Include="헤더 파일">
      <UniqueIdentifier>{93995380-89BD-4b04-88EB-625FBE52EBFB}</UniqueIdentifier>
      <Extensions>h;hh;hpp;hxx;h++;hm;inl;inc;ipp;xsd</Extensions>
    </Filter>
    <Filter Include="리소스 파일">
      <UniqueIdentifier>{67DA6AB6-F800-4c08-8B7A-83BB121AAD01}</UniqueIdentifier>
      <Extensions>rc;ico;cur;bmp;dlg;rc2;rct;bin;rgs;gif;jpg;jpeg;jpe;resx;tiff;tif;png;wav;mfcribbon-ms</Extensions>
    </Filter>
    <Filter Include="Object">
      <UniqueIdentifier>{8a011cc6-977a-4597-acfa-b29049de8f1b}</UniqueIdentifier>
    </Filter>
    <Filter Include="소스 파일\Process">
      <UniqueIdentifier>{9ee4f08b-1a2e-496e-ac96-d61f8fd94a06}</UniqueIdentifier>
    </Filter>
    <Filter Include="DTime">
      <UniqueIdentifier>{b55e1716-a2e4-4a34-9ea5-7321eb8af7ac}</UniqueIdentifier>
    </Filter>
    <Filter Include="소스 파일\Manager">
      <UniqueIdentifier>{3d82c109-9c02-4f48-8409-5f80e74d9c3b}</UniqueIdentifier>
    </Filter>
  </ItemGroup>
  <ItemGroup>
    <ClCompile Include="UnitBase.cpp">
      <Filter>Object</Filter>
    </ClCompile>
    <ClCompile Include="CAirUnit.cpp">
      <Filter>소스 파일</Filter>
    </ClCompile>
    <ClCompile Include="CGroundUnit.cpp">
      <Filter>소스 파일</Filter>
    </ClCompile>
    <ClCompile Include="Skill.cpp">
      <Filter>Object</Filter>
    </ClCompile>
    <ClCompile Include="UnitDefine.cpp">
      <Filter>소스 파일</Filter>
    </ClCompile>
    <ClCompile Include="CUnitManager.cpp">
      <Filter>소스 파일\Manager</Filter>
    </ClCompile>
    <ClCompile Include="ObjectBase.cpp">
      <Filter>Object</Filter>
    </ClCompile>
    <ClCompile Include="GameManager.cpp">
      <Filter>소스 파일\Process</Filter>
    </ClCompile>
    <ClCompile Include="main.cpp">
      <Filter>소스 파일\Process</Filter>
    </ClCompile>
    <ClCompile Include="CBuilding.cpp">
      <Filter>소스 파일</Filter>
    </ClCompile>
    <ClCompile Include="CSpriteManager.cpp">
      <Filter>소스 파일\Manager</Filter>
    </ClCompile>
  </ItemGroup>
  <ItemGroup>
    <ClInclude Include="UnitBase.h">
      <Filter>Object</Filter>
    </ClInclude>
    <ClInclude Include="Skill.h">
      <Filter>Object</Filter>
    </ClInclude>
    <ClInclude Include="CUnitManager.h">
      <Filter>소스 파일\Manager</Filter>
    </ClInclude>
    <ClInclude Include="UnitDefine.h">
      <Filter>소스 파일</Filter>
    </ClInclude>
    <ClInclude Include="CGroundUnit.h">
      <Filter>소스 파일</Filter>
    </ClInclude>
    <ClInclude Include="CAirUnit.h">
      <Filter>소스 파일</Filter>
    </ClInclude>
    <ClInclude Include="ObjectBase.h">
      <Filter>Object</Filter>
    </ClInclude>
    <ClInclude Include="GameManager.h">
      <Filter>소스 파일\Process</Filter>
    </ClInclude>
    <ClInclude Include="CBuilding.h">
      <Filter>소스 파일</Filter>
    </ClInclude>
    <ClInclude Include="CSpriteManager.h">
      <Filter>소스 파일\Manager</Filter>
    </ClInclude>
  </ItemGroup>
</Project>